
Microsoft Visual Studio Solution File, Format Version 12.00
# Visual Studio Version 16
VisualStudioVersion = 16.0.29503.13
MinimumVisualStudioVersion = 10.0.40219.1
Project("{FAE04EC0-301F-11D3-BF4B-00C04F79EFBC}") = "CarHireWebApp", "CarHireWebApp\CarHireWebApp.csproj", "{D1A39745-B677-48ED-B931-E5CE108BDB20}"
EndProject
Global
	GlobalSection(SolutionConfigurationPlatforms) = preSolution
		Debug|Any CPU = Debug|Any CPU
		Release|Any CPU = Release|Any CPU
	EndGlobalSection
	GlobalSection(ProjectConfigurationPlatforms) = postSolution
		{D1A39745-B677-48ED-B931-E5CE108BDB20}.Debug|Any CPU.ActiveCfg = Debug|Any CPU
		{D1A39745-B677-48ED-B931-E5CE108BDB20}.Debug|Any CPU.Build.0 = Debug|Any CPU
		{D1A39745-B677-48ED-B931-E5CE108BDB20}.Release|Any CPU.ActiveCfg = Release|Any CPU
		{D1A39745-B677-48ED-B931-E5CE108BDB20}.Release|Any CPU.Build.0 = Release|Any CPU
	EndGlobalSection
	GlobalSection(SolutionProperties) = preSolution
		HideSolutionNode = FALSE
	EndGlobalSection
	GlobalSection(ExtensibilityGlobals) = postSolution
		SolutionGuid = {38E45E28-9EA6-4FE2-A2F8-909D117FAA1B}
	EndGlobalSection
EndGlobal
